
Microsoft Visual Studio Solution File, Format Version 12.00
Project("{2150E333-8FDC-42A3-9474-1A3956D46DE8}") = "Solution Items", "Solution Items", "{5FE6666E-5EBF-4F1E-AB9D-D963B3358015}"
	ProjectSection(SolutionItems) = preProject
		compose.yaml = compose.yaml
	EndProjectSection
EndProject
Project("{2150E333-8FDC-42A3-9474-1A3956D46DE8}") = "src", "src", "{827E0CD3-B72D-47B6-A68D-7590B98EB39B}"
	ProjectSection(SolutionItems) = preProject
		src\Samobot.Crawler\Dockerfile = src\Samobot.Crawler\Dockerfile
		src\Samobot.Crawler\Workers\CrawlerWorker.cs = src\Samobot.Crawler\Workers\CrawlerWorker.cs
		src\Samobot.Crawler\Program.cs = src\Samobot.Crawler\Program.cs
		src\Samobot.Crawler\obj\project.nuget.cache = src\Samobot.Crawler\obj\project.nuget.cache
		src\Samobot.Crawler\obj\Samobot.Crawler.csproj.nuget.dgspec.json = src\Samobot.Crawler\obj\Samobot.Crawler.csproj.nuget.dgspec.json
		src\Samobot.Crawler\obj\project.assets.json = src\Samobot.Crawler\obj\project.assets.json
		src\Samobot.Crawler\obj\Debug\net10.0\.NETCoreApp,Version = src\Samobot.Crawler\obj\Debug\net10.0\.NETCoreApp,Version
		src\Samobot.Crawler\obj\Debug\net10.0\Samobot.Crawler.AssemblyInfoInputs.cache = src\Samobot.Crawler\obj\Debug\net10.0\Samobot.Crawler.AssemblyInfoInputs.cache
		src\Samobot.Crawler\obj\Debug\net10.0\Samobot.Crawler.csproj.FileListAbsolute.txt = src\Samobot.Crawler\obj\Debug\net10.0\Samobot.Crawler.csproj.FileListAbsolute.txt
		src\Samobot.Crawler\obj\Debug\net10.0\Samobot.Crawler.pdb = src\Samobot.Crawler\obj\Debug\net10.0\Samobot.Crawler.pdb
		src\Samobot.Crawler\obj\Debug\net10.0\apphost = src\Samobot.Crawler\obj\Debug\net10.0\apphost
		src\Samobot.Crawler\obj\Debug\net10.0\Samobot.Crawler.GeneratedMSBuildEditorConfig.editorconfig = src\Samobot.Crawler\obj\Debug\net10.0\Samobot.Crawler.GeneratedMSBuildEditorConfig.editorconfig
		src\Samobot.Crawler\obj\Debug\net10.0\refint\Samobot.Crawler.dll = src\Samobot.Crawler\obj\Debug\net10.0\refint\Samobot.Crawler.dll
		src\Samobot.Crawler\obj\Debug\net10.0\Samobot.Crawler.genruntimeconfig.cache = src\Samobot.Crawler\obj\Debug\net10.0\Samobot.Crawler.genruntimeconfig.cache
		src\Samobot.Crawler\obj\Debug\net10.0\Samobot.Crawler.csproj.CoreCompileInputs.cache = src\Samobot.Crawler\obj\Debug\net10.0\Samobot.Crawler.csproj.CoreCompileInputs.cache
		src\Samobot.Crawler\obj\Debug\net10.0\Samobot.Crawler.AssemblyInfo.cs = src\Samobot.Crawler\obj\Debug\net10.0\Samobot.Crawler.AssemblyInfo.cs
		src\Samobot.Crawler\obj\Debug\net10.0\Samobot.Crawler.dll = src\Samobot.Crawler\obj\Debug\net10.0\Samobot.Crawler.dll
		src\Samobot.Crawler\obj\Debug\net10.0\Samobot.Crawler.assets.cache = src\Samobot.Crawler\obj\Debug\net10.0\Samobot.Crawler.assets.cache
		src\Samobot.Crawler\obj\Debug\net10.0\Samobot.Crawler.csproj.AssemblyReference.cache = src\Samobot.Crawler\obj\Debug\net10.0\Samobot.Crawler.csproj.AssemblyReference.cache
		src\Samobot.Crawler\obj\Debug\net10.0\Samobot..706BF861.Up2Date = src\Samobot.Crawler\obj\Debug\net10.0\Samobot..706BF861.Up2Date
		src\Samobot.Crawler\obj\Debug\net10.0\ref\Samobot.Crawler.dll = src\Samobot.Crawler\obj\Debug\net10.0\ref\Samobot.Crawler.dll
		src\Samobot.Crawler\obj\Debug\net10.0\Samobot.Crawler.GlobalUsings.g.cs = src\Samobot.Crawler\obj\Debug\net10.0\Samobot.Crawler.GlobalUsings.g.cs
		src\Samobot.Crawler\obj\Samobot.Crawler.csproj.nuget.g.targets = src\Samobot.Crawler\obj\Samobot.Crawler.csproj.nuget.g.targets
		src\Samobot.Crawler\obj\Samobot.Crawler.csproj.nuget.g.props = src\Samobot.Crawler\obj\Samobot.Crawler.csproj.nuget.g.props
		src\Samobot.Crawler\bin\Debug\net10.0\Microsoft.Extensions.Logging.dll = src\Samobot.Crawler\bin\Debug\net10.0\Microsoft.Extensions.Logging.dll
		src\Samobot.Crawler\bin\Debug\net10.0\Microsoft.Extensions.FileProviders.Abstractions.dll = src\Samobot.Crawler\bin\Debug\net10.0\Microsoft.Extensions.FileProviders.Abstractions.dll
		src\Samobot.Crawler\bin\Debug\net10.0\Microsoft.Extensions.Configuration.FileExtensions.dll = src\Samobot.Crawler\bin\Debug\net10.0\Microsoft.Extensions.Configuration.FileExtensions.dll
		src\Samobot.Crawler\bin\Debug\net10.0\Microsoft.Extensions.Configuration.EnvironmentVariables.dll = src\Samobot.Crawler\bin\Debug\net10.0\Microsoft.Extensions.Configuration.EnvironmentVariables.dll
		src\Samobot.Crawler\bin\Debug\net10.0\Humanizer.dll = src\Samobot.Crawler\bin\Debug\net10.0\Humanizer.dll
		src\Samobot.Crawler\bin\Debug\net10.0\Microsoft.Extensions.DependencyInjection.Abstractions.dll = src\Samobot.Crawler\bin\Debug\net10.0\Microsoft.Extensions.DependencyInjection.Abstractions.dll
		src\Samobot.Crawler\bin\Debug\net10.0\Dapper.dll = src\Samobot.Crawler\bin\Debug\net10.0\Dapper.dll
		src\Samobot.Crawler\bin\Debug\net10.0\Microsoft.Extensions.Logging.Configuration.dll = src\Samobot.Crawler\bin\Debug\net10.0\Microsoft.Extensions.Logging.Configuration.dll
		src\Samobot.Crawler\bin\Debug\net10.0\Microsoft.Extensions.Logging.EventSource.dll = src\Samobot.Crawler\bin\Debug\net10.0\Microsoft.Extensions.Logging.EventSource.dll
		src\Samobot.Crawler\bin\Debug\net10.0\Microsoft.Extensions.Logging.Abstractions.dll = src\Samobot.Crawler\bin\Debug\net10.0\Microsoft.Extensions.Logging.Abstractions.dll
		src\Samobot.Crawler\bin\Debug\net10.0\Samobot.Crawler.pdb = src\Samobot.Crawler\bin\Debug\net10.0\Samobot.Crawler.pdb
		src\Samobot.Crawler\bin\Debug\net10.0\Microsoft.Extensions.Configuration.UserSecrets.dll = src\Samobot.Crawler\bin\Debug\net10.0\Microsoft.Extensions.Configuration.UserSecrets.dll
		src\Samobot.Crawler\bin\Debug\net10.0\Samobot.Domain.pdb = src\Samobot.Crawler\bin\Debug\net10.0\Samobot.Domain.pdb
		src\Samobot.Crawler\bin\Debug\net10.0\Microsoft.Extensions.Diagnostics.dll = src\Samobot.Crawler\bin\Debug\net10.0\Microsoft.Extensions.Diagnostics.dll
		src\Samobot.Crawler\bin\Debug\net10.0\Riok.Mapperly.Abstractions.dll = src\Samobot.Crawler\bin\Debug\net10.0\Riok.Mapperly.Abstractions.dll
		src\Samobot.Crawler\bin\Debug\net10.0\Samobot.Crawler.runtimeconfig.json = src\Samobot.Crawler\bin\Debug\net10.0\Samobot.Crawler.runtimeconfig.json
		src\Samobot.Crawler\bin\Debug\net10.0\Samobot.Crawler.deps.json = src\Samobot.Crawler\bin\Debug\net10.0\Samobot.Crawler.deps.json
		src\Samobot.Crawler\bin\Debug\net10.0\Microsoft.Extensions.Diagnostics.Abstractions.dll = src\Samobot.Crawler\bin\Debug\net10.0\Microsoft.Extensions.Diagnostics.Abstractions.dll
		src\Samobot.Crawler\bin\Debug\net10.0\Microsoft.Extensions.Configuration.CommandLine.dll = src\Samobot.Crawler\bin\Debug\net10.0\Microsoft.Extensions.Configuration.CommandLine.dll
		src\Samobot.Crawler\bin\Debug\net10.0\Microsoft.Extensions.Options.dll = src\Samobot.Crawler\bin\Debug\net10.0\Microsoft.Extensions.Options.dll
		src\Samobot.Crawler\bin\Debug\net10.0\Microsoft.Extensions.Configuration.Abstractions.dll = src\Samobot.Crawler\bin\Debug\net10.0\Microsoft.Extensions.Configuration.Abstractions.dll
		src\Samobot.Crawler\bin\Debug\net10.0\Samobot.Domain.dll = src\Samobot.Crawler\bin\Debug\net10.0\Samobot.Domain.dll
		src\Samobot.Crawler\bin\Debug\net10.0\System.Diagnostics.EventLog.dll = src\Samobot.Crawler\bin\Debug\net10.0\System.Diagnostics.EventLog.dll
		src\Samobot.Crawler\bin\Debug\net10.0\SqlKata.Execution.dll = src\Samobot.Crawler\bin\Debug\net10.0\SqlKata.Execution.dll
		src\Samobot.Crawler\bin\Debug\net10.0\SqlKata.Core.dll = src\Samobot.Crawler\bin\Debug\net10.0\SqlKata.Core.dll
		src\Samobot.Crawler\bin\Debug\net10.0\Microsoft.Extensions.Primitives.dll = src\Samobot.Crawler\bin\Debug\net10.0\Microsoft.Extensions.Primitives.dll
		src\Samobot.Crawler\bin\Debug\net10.0\Npgsql.dll = src\Samobot.Crawler\bin\Debug\net10.0\Npgsql.dll
		src\Samobot.Crawler\bin\Debug\net10.0\Microsoft.Extensions.Logging.Console.dll = src\Samobot.Crawler\bin\Debug\net10.0\Microsoft.Extensions.Logging.Console.dll
		src\Samobot.Crawler\bin\Debug\net10.0\Samobot.Crawler.dll = src\Samobot.Crawler\bin\Debug\net10.0\Samobot.Crawler.dll
		src\Samobot.Crawler\bin\Debug\net10.0\Microsoft.Extensions.Hosting.Abstractions.dll = src\Samobot.Crawler\bin\Debug\net10.0\Microsoft.Extensions.Hosting.Abstractions.dll
		src\Samobot.Crawler\bin\Debug\net10.0\Microsoft.Extensions.DependencyInjection.dll = src\Samobot.Crawler\bin\Debug\net10.0\Microsoft.Extensions.DependencyInjection.dll
		src\Samobot.Crawler\bin\Debug\net10.0\RabbitMQ.Client.dll = src\Samobot.Crawler\bin\Debug\net10.0\RabbitMQ.Client.dll
		src\Samobot.Crawler\bin\Debug\net10.0\Microsoft.Extensions.Configuration.Binder.dll = src\Samobot.Crawler\bin\Debug\net10.0\Microsoft.Extensions.Configuration.Binder.dll
		src\Samobot.Crawler\bin\Debug\net10.0\Samobot.Crawler = src\Samobot.Crawler\bin\Debug\net10.0\Samobot.Crawler
		src\Samobot.Crawler\bin\Debug\net10.0\Microsoft.Extensions.Options.ConfigurationExtensions.dll = src\Samobot.Crawler\bin\Debug\net10.0\Microsoft.Extensions.Options.ConfigurationExtensions.dll
		src\Samobot.Crawler\bin\Debug\net10.0\Microsoft.Extensions.Configuration.dll = src\Samobot.Crawler\bin\Debug\net10.0\Microsoft.Extensions.Configuration.dll
		src\Samobot.Crawler\bin\Debug\net10.0\Microsoft.Extensions.Logging.EventLog.dll = src\Samobot.Crawler\bin\Debug\net10.0\Microsoft.Extensions.Logging.EventLog.dll
		src\Samobot.Crawler\bin\Debug\net10.0\SamoBot.Infrastructure.pdb = src\Samobot.Crawler\bin\Debug\net10.0\SamoBot.Infrastructure.pdb
		src\Samobot.Crawler\bin\Debug\net10.0\Microsoft.Extensions.FileSystemGlobbing.dll = src\Samobot.Crawler\bin\Debug\net10.0\Microsoft.Extensions.FileSystemGlobbing.dll
		src\Samobot.Crawler\bin\Debug\net10.0\Microsoft.Extensions.Logging.Debug.dll = src\Samobot.Crawler\bin\Debug\net10.0\Microsoft.Extensions.Logging.Debug.dll
		src\Samobot.Crawler\bin\Debug\net10.0\Microsoft.Extensions.Configuration.Json.dll = src\Samobot.Crawler\bin\Debug\net10.0\Microsoft.Extensions.Configuration.Json.dll
		src\Samobot.Crawler\bin\Debug\net10.0\runtimes\win\lib\net10.0\System.Diagnostics.EventLog.Messages.dll = src\Samobot.Crawler\bin\Debug\net10.0\runtimes\win\lib\net10.0\System.Diagnostics.EventLog.Messages.dll
		src\Samobot.Crawler\bin\Debug\net10.0\runtimes\win\lib\net10.0\System.Diagnostics.EventLog.dll = src\Samobot.Crawler\bin\Debug\net10.0\runtimes\win\lib\net10.0\System.Diagnostics.EventLog.dll
		src\Samobot.Crawler\bin\Debug\net10.0\Microsoft.Extensions.Hosting.dll = src\Samobot.Crawler\bin\Debug\net10.0\Microsoft.Extensions.Hosting.dll
		src\Samobot.Crawler\bin\Debug\net10.0\SamoBot.Infrastructure.dll = src\Samobot.Crawler\bin\Debug\net10.0\SamoBot.Infrastructure.dll
		src\Samobot.Crawler\bin\Debug\net10.0\Microsoft.Extensions.FileProviders.Physical.dll = src\Samobot.Crawler\bin\Debug\net10.0\Microsoft.Extensions.FileProviders.Physical.dll
		src\Samobot.Crawler\Samobot.Crawler.csproj = src\Samobot.Crawler\Samobot.Crawler.csproj
	EndProjectSection
EndProject
Project("{FAE04EC0-301F-11D3-BF4B-00C04F79EFBC}") = "SamoBot", "src\SamoBot\SamoBot.csproj", "{71E30817-3F6B-4411-B38C-BA27DCD0E13C}"
EndProject
Project("{2150E333-8FDC-42A3-9474-1A3956D46DE8}") = "tests", "tests", "{0AB3BF05-4346-4AA6-1389-037BE0695223}"
EndProject
Project("{FAE04EC0-301F-11D3-BF4B-00C04F79EFBC}") = "SamoBot.Tests", "tests\SamoBot.Tests\SamoBot.Tests.csproj", "{CF4C2AD6-5D15-4E53-AFC1-F9A9B22D4B7C}"
EndProject
Project("{FAE04EC0-301F-11D3-BF4B-00C04F79EFBC}") = "SamoBot.Infrastructure", "src\SamoBot.Infrastructure\SamoBot.Infrastructure.csproj", "{FBA5E5F8-13B3-4DC7-9E77-EA326093A105}"
EndProject
Project("{FAE04EC0-301F-11D3-BF4B-00C04F79EFBC}") = "SamoBot.Migrations", "src\SamoBot.Migrations\SamoBot.Migrations.csproj", "{7B0CCCF3-C94E-4572-925D-58DC79721CBC}"
EndProject
Project("{FAE04EC0-301F-11D3-BF4B-00C04F79EFBC}") = "SamoBot.Scheduler", "src\SamoBot.Scheduler\SamoBot.Scheduler.csproj", "{97CDED87-4A0A-46F8-82C2-EA43502F5E20}"
EndProject
Project("{FAE04EC0-301F-11D3-BF4B-00C04F79EFBC}") = "SamoBot.Seeder", "src\SamoBot.Seeder\SamoBot.Seeder.csproj", "{CC2E7015-F5AB-4F55-AD29-F69E63CAB995}"
EndProject
Project("{FAE04EC0-301F-11D3-BF4B-00C04F79EFBC}") = "Samobot.Domain", "src\Samobot.Domain\Samobot.Domain.csproj", "{2F9C3239-350C-4135-910A-414F0028861A}"
EndProject
Project("{FAE04EC0-301F-11D3-BF4B-00C04F79EFBC}") = "Samobot.Crawler", "src\Samobot.Crawler\Samobot.Crawler.csproj", "{FC484A1A-357A-4507-83DA-2869894FB736}"
EndProject
Project("{FAE04EC0-301F-11D3-BF4B-00C04F79EFBC}") = "SamoBot.Settings", "src\SamoBot.Settings\SamoBot.Settings.csproj", "{847A7F70-3231-4576-8818-E3595840CE08}"
EndProject
Global
	GlobalSection(SolutionConfigurationPlatforms) = preSolution
		Debug|Any CPU = Debug|Any CPU
		Debug|x64 = Debug|x64
		Debug|x86 = Debug|x86
		Release|Any CPU = Release|Any CPU
		Release|x64 = Release|x64
		Release|x86 = Release|x86
	EndGlobalSection
	GlobalSection(ProjectConfigurationPlatforms) = postSolution
		{71E30817-3F6B-4411-B38C-BA27DCD0E13C}.Debug|Any CPU.ActiveCfg = Debug|Any CPU
		{71E30817-3F6B-4411-B38C-BA27DCD0E13C}.Debug|Any CPU.Build.0 = Debug|Any CPU
		{71E30817-3F6B-4411-B38C-BA27DCD0E13C}.Debug|x64.ActiveCfg = Debug|Any CPU
		{71E30817-3F6B-4411-B38C-BA27DCD0E13C}.Debug|x64.Build.0 = Debug|Any CPU
		{71E30817-3F6B-4411-B38C-BA27DCD0E13C}.Debug|x86.ActiveCfg = Debug|Any CPU
		{71E30817-3F6B-4411-B38C-BA27DCD0E13C}.Debug|x86.Build.0 = Debug|Any CPU
		{71E30817-3F6B-4411-B38C-BA27DCD0E13C}.Release|Any CPU.ActiveCfg = Release|Any CPU
		{71E30817-3F6B-4411-B38C-BA27DCD0E13C}.Release|Any CPU.Build.0 = Release|Any CPU
		{71E30817-3F6B-4411-B38C-BA27DCD0E13C}.Release|x64.ActiveCfg = Release|Any CPU
		{71E30817-3F6B-4411-B38C-BA27DCD0E13C}.Release|x64.Build.0 = Release|Any CPU
		{71E30817-3F6B-4411-B38C-BA27DCD0E13C}.Release|x86.ActiveCfg = Release|Any CPU
		{71E30817-3F6B-4411-B38C-BA27DCD0E13C}.Release|x86.Build.0 = Release|Any CPU
		{CF4C2AD6-5D15-4E53-AFC1-F9A9B22D4B7C}.Debug|Any CPU.ActiveCfg = Debug|Any CPU
		{CF4C2AD6-5D15-4E53-AFC1-F9A9B22D4B7C}.Debug|Any CPU.Build.0 = Debug|Any CPU
		{CF4C2AD6-5D15-4E53-AFC1-F9A9B22D4B7C}.Debug|x64.ActiveCfg = Debug|Any CPU
		{CF4C2AD6-5D15-4E53-AFC1-F9A9B22D4B7C}.Debug|x64.Build.0 = Debug|Any CPU
		{CF4C2AD6-5D15-4E53-AFC1-F9A9B22D4B7C}.Debug|x86.ActiveCfg = Debug|Any CPU
		{CF4C2AD6-5D15-4E53-AFC1-F9A9B22D4B7C}.Debug|x86.Build.0 = Debug|Any CPU
		{CF4C2AD6-5D15-4E53-AFC1-F9A9B22D4B7C}.Release|Any CPU.ActiveCfg = Release|Any CPU
		{CF4C2AD6-5D15-4E53-AFC1-F9A9B22D4B7C}.Release|Any CPU.Build.0 = Release|Any CPU
		{CF4C2AD6-5D15-4E53-AFC1-F9A9B22D4B7C}.Release|x64.ActiveCfg = Release|Any CPU
		{CF4C2AD6-5D15-4E53-AFC1-F9A9B22D4B7C}.Release|x64.Build.0 = Release|Any CPU
		{CF4C2AD6-5D15-4E53-AFC1-F9A9B22D4B7C}.Release|x86.ActiveCfg = Release|Any CPU
		{CF4C2AD6-5D15-4E53-AFC1-F9A9B22D4B7C}.Release|x86.Build.0 = Release|Any CPU
		{FBA5E5F8-13B3-4DC7-9E77-EA326093A105}.Debug|Any CPU.ActiveCfg = Debug|Any CPU
		{FBA5E5F8-13B3-4DC7-9E77-EA326093A105}.Debug|Any CPU.Build.0 = Debug|Any CPU
		{FBA5E5F8-13B3-4DC7-9E77-EA326093A105}.Debug|x64.ActiveCfg = Debug|Any CPU
		{FBA5E5F8-13B3-4DC7-9E77-EA326093A105}.Debug|x64.Build.0 = Debug|Any CPU
		{FBA5E5F8-13B3-4DC7-9E77-EA326093A105}.Debug|x86.ActiveCfg = Debug|Any CPU
		{FBA5E5F8-13B3-4DC7-9E77-EA326093A105}.Debug|x86.Build.0 = Debug|Any CPU
		{FBA5E5F8-13B3-4DC7-9E77-EA326093A105}.Release|Any CPU.ActiveCfg = Release|Any CPU
		{FBA5E5F8-13B3-4DC7-9E77-EA326093A105}.Release|Any CPU.Build.0 = Release|Any CPU
		{FBA5E5F8-13B3-4DC7-9E77-EA326093A105}.Release|x64.ActiveCfg = Release|Any CPU
		{FBA5E5F8-13B3-4DC7-9E77-EA326093A105}.Release|x64.Build.0 = Release|Any CPU
		{FBA5E5F8-13B3-4DC7-9E77-EA326093A105}.Release|x86.ActiveCfg = Release|Any CPU
		{FBA5E5F8-13B3-4DC7-9E77-EA326093A105}.Release|x86.Build.0 = Release|Any CPU
		{7B0CCCF3-C94E-4572-925D-58DC79721CBC}.Debug|Any CPU.ActiveCfg = Debug|Any CPU
		{7B0CCCF3-C94E-4572-925D-58DC79721CBC}.Debug|Any CPU.Build.0 = Debug|Any CPU
		{7B0CCCF3-C94E-4572-925D-58DC79721CBC}.Debug|x64.ActiveCfg = Debug|Any CPU
		{7B0CCCF3-C94E-4572-925D-58DC79721CBC}.Debug|x64.Build.0 = Debug|Any CPU
		{7B0CCCF3-C94E-4572-925D-58DC79721CBC}.Debug|x86.ActiveCfg = Debug|Any CPU
		{7B0CCCF3-C94E-4572-925D-58DC79721CBC}.Debug|x86.Build.0 = Debug|Any CPU
		{7B0CCCF3-C94E-4572-925D-58DC79721CBC}.Release|Any CPU.ActiveCfg = Release|Any CPU
		{7B0CCCF3-C94E-4572-925D-58DC79721CBC}.Release|Any CPU.Build.0 = Release|Any CPU
		{7B0CCCF3-C94E-4572-925D-58DC79721CBC}.Release|x64.ActiveCfg = Release|Any CPU
		{7B0CCCF3-C94E-4572-925D-58DC79721CBC}.Release|x64.Build.0 = Release|Any CPU
		{7B0CCCF3-C94E-4572-925D-58DC79721CBC}.Release|x86.ActiveCfg = Release|Any CPU
		{7B0CCCF3-C94E-4572-925D-58DC79721CBC}.Release|x86.Build.0 = Release|Any CPU
		{97CDED87-4A0A-46F8-82C2-EA43502F5E20}.Debug|Any CPU.ActiveCfg = Debug|Any CPU
		{97CDED87-4A0A-46F8-82C2-EA43502F5E20}.Debug|Any CPU.Build.0 = Debug|Any CPU
		{97CDED87-4A0A-46F8-82C2-EA43502F5E20}.Debug|x64.ActiveCfg = Debug|Any CPU
		{97CDED87-4A0A-46F8-82C2-EA43502F5E20}.Debug|x64.Build.0 = Debug|Any CPU
		{97CDED87-4A0A-46F8-82C2-EA43502F5E20}.Debug|x86.ActiveCfg = Debug|Any CPU
		{97CDED87-4A0A-46F8-82C2-EA43502F5E20}.Debug|x86.Build.0 = Debug|Any CPU
		{97CDED87-4A0A-46F8-82C2-EA43502F5E20}.Release|Any CPU.ActiveCfg = Release|Any CPU
		{97CDED87-4A0A-46F8-82C2-EA43502F5E20}.Release|Any CPU.Build.0 = Release|Any CPU
		{97CDED87-4A0A-46F8-82C2-EA43502F5E20}.Release|x64.ActiveCfg = Release|Any CPU
		{97CDED87-4A0A-46F8-82C2-EA43502F5E20}.Release|x64.Build.0 = Release|Any CPU
		{97CDED87-4A0A-46F8-82C2-EA43502F5E20}.Release|x86.ActiveCfg = Release|Any CPU
		{97CDED87-4A0A-46F8-82C2-EA43502F5E20}.Release|x86.Build.0 = Release|Any CPU
		{CC2E7015-F5AB-4F55-AD29-F69E63CAB995}.Debug|Any CPU.ActiveCfg = Debug|Any CPU
		{CC2E7015-F5AB-4F55-AD29-F69E63CAB995}.Debug|Any CPU.Build.0 = Debug|Any CPU
		{CC2E7015-F5AB-4F55-AD29-F69E63CAB995}.Debug|x64.ActiveCfg = Debug|Any CPU
		{CC2E7015-F5AB-4F55-AD29-F69E63CAB995}.Debug|x64.Build.0 = Debug|Any CPU
		{CC2E7015-F5AB-4F55-AD29-F69E63CAB995}.Debug|x86.ActiveCfg = Debug|Any CPU
		{CC2E7015-F5AB-4F55-AD29-F69E63CAB995}.Debug|x86.Build.0 = Debug|Any CPU
		{CC2E7015-F5AB-4F55-AD29-F69E63CAB995}.Release|Any CPU.ActiveCfg = Release|Any CPU
		{CC2E7015-F5AB-4F55-AD29-F69E63CAB995}.Release|Any CPU.Build.0 = Release|Any CPU
		{CC2E7015-F5AB-4F55-AD29-F69E63CAB995}.Release|x64.ActiveCfg = Release|Any CPU
		{CC2E7015-F5AB-4F55-AD29-F69E63CAB995}.Release|x64.Build.0 = Release|Any CPU
		{CC2E7015-F5AB-4F55-AD29-F69E63CAB995}.Release|x86.ActiveCfg = Release|Any CPU
		{CC2E7015-F5AB-4F55-AD29-F69E63CAB995}.Release|x86.Build.0 = Release|Any CPU
		{2F9C3239-350C-4135-910A-414F0028861A}.Debug|Any CPU.ActiveCfg = Debug|Any CPU
		{2F9C3239-350C-4135-910A-414F0028861A}.Debug|Any CPU.Build.0 = Debug|Any CPU
		{2F9C3239-350C-4135-910A-414F0028861A}.Debug|x64.ActiveCfg = Debug|Any CPU
		{2F9C3239-350C-4135-910A-414F0028861A}.Debug|x64.Build.0 = Debug|Any CPU
		{2F9C3239-350C-4135-910A-414F0028861A}.Debug|x86.ActiveCfg = Debug|Any CPU
		{2F9C3239-350C-4135-910A-414F0028861A}.Debug|x86.Build.0 = Debug|Any CPU
		{2F9C3239-350C-4135-910A-414F0028861A}.Release|Any CPU.ActiveCfg = Release|Any CPU
		{2F9C3239-350C-4135-910A-414F0028861A}.Release|Any CPU.Build.0 = Release|Any CPU
		{2F9C3239-350C-4135-910A-414F0028861A}.Release|x64.ActiveCfg = Release|Any CPU
		{2F9C3239-350C-4135-910A-414F0028861A}.Release|x64.Build.0 = Release|Any CPU
		{2F9C3239-350C-4135-910A-414F0028861A}.Release|x86.ActiveCfg = Release|Any CPU
		{2F9C3239-350C-4135-910A-414F0028861A}.Release|x86.Build.0 = Release|Any CPU
		{FC484A1A-357A-4507-83DA-2869894FB736}.Debug|Any CPU.ActiveCfg = Debug|Any CPU
		{FC484A1A-357A-4507-83DA-2869894FB736}.Debug|Any CPU.Build.0 = Debug|Any CPU
		{FC484A1A-357A-4507-83DA-2869894FB736}.Debug|x64.ActiveCfg = Debug|Any CPU
		{FC484A1A-357A-4507-83DA-2869894FB736}.Debug|x64.Build.0 = Debug|Any CPU
		{FC484A1A-357A-4507-83DA-2869894FB736}.Debug|x86.ActiveCfg = Debug|Any CPU
		{FC484A1A-357A-4507-83DA-2869894FB736}.Debug|x86.Build.0 = Debug|Any CPU
		{FC484A1A-357A-4507-83DA-2869894FB736}.Release|Any CPU.ActiveCfg = Release|Any CPU
		{FC484A1A-357A-4507-83DA-2869894FB736}.Release|Any CPU.Build.0 = Release|Any CPU
		{FC484A1A-357A-4507-83DA-2869894FB736}.Release|x64.ActiveCfg = Release|Any CPU
		{FC484A1A-357A-4507-83DA-2869894FB736}.Release|x64.Build.0 = Release|Any CPU
		{FC484A1A-357A-4507-83DA-2869894FB736}.Release|x86.ActiveCfg = Release|Any CPU
		{FC484A1A-357A-4507-83DA-2869894FB736}.Release|x86.Build.0 = Release|Any CPU
		{847A7F70-3231-4576-8818-E3595840CE08}.Debug|Any CPU.ActiveCfg = Debug|Any CPU
		{847A7F70-3231-4576-8818-E3595840CE08}.Debug|Any CPU.Build.0 = Debug|Any CPU
		{847A7F70-3231-4576-8818-E3595840CE08}.Debug|x64.ActiveCfg = Debug|Any CPU
		{847A7F70-3231-4576-8818-E3595840CE08}.Debug|x64.Build.0 = Debug|Any CPU
		{847A7F70-3231-4576-8818-E3595840CE08}.Debug|x86.ActiveCfg = Debug|Any CPU
		{847A7F70-3231-4576-8818-E3595840CE08}.Debug|x86.Build.0 = Debug|Any CPU
		{847A7F70-3231-4576-8818-E3595840CE08}.Release|Any CPU.ActiveCfg = Release|Any CPU
		{847A7F70-3231-4576-8818-E3595840CE08}.Release|Any CPU.Build.0 = Release|Any CPU
		{847A7F70-3231-4576-8818-E3595840CE08}.Release|x64.ActiveCfg = Release|Any CPU
		{847A7F70-3231-4576-8818-E3595840CE08}.Release|x64.Build.0 = Release|Any CPU
		{847A7F70-3231-4576-8818-E3595840CE08}.Release|x86.ActiveCfg = Release|Any CPU
		{847A7F70-3231-4576-8818-E3595840CE08}.Release|x86.Build.0 = Release|Any CPU
	EndGlobalSection
	GlobalSection(SolutionProperties) = preSolution
		HideSolutionNode = FALSE
	EndGlobalSection
	GlobalSection(NestedProjects) = preSolution
		{71E30817-3F6B-4411-B38C-BA27DCD0E13C} = {827E0CD3-B72D-47B6-A68D-7590B98EB39B}
		{CF4C2AD6-5D15-4E53-AFC1-F9A9B22D4B7C} = {0AB3BF05-4346-4AA6-1389-037BE0695223}
		{FBA5E5F8-13B3-4DC7-9E77-EA326093A105} = {827E0CD3-B72D-47B6-A68D-7590B98EB39B}
		{7B0CCCF3-C94E-4572-925D-58DC79721CBC} = {827E0CD3-B72D-47B6-A68D-7590B98EB39B}
		{97CDED87-4A0A-46F8-82C2-EA43502F5E20} = {827E0CD3-B72D-47B6-A68D-7590B98EB39B}
		{CC2E7015-F5AB-4F55-AD29-F69E63CAB995} = {827E0CD3-B72D-47B6-A68D-7590B98EB39B}
		{2F9C3239-350C-4135-910A-414F0028861A} = {827E0CD3-B72D-47B6-A68D-7590B98EB39B}
		{847A7F70-3231-4576-8818-E3595840CE08} = {827E0CD3-B72D-47B6-A68D-7590B98EB39B}
	EndGlobalSection
EndGlobal
