
Microsoft Visual Studio Solution File, Format Version 12.00
Project("{FAE04EC0-301F-11D3-BF4B-00C04F79EFBC}") = "SamoBot", "src\SamoBot\SamoBot.csproj", "{71E30817-3F6B-4411-B38C-BA27DCD0E13C}"
EndProject
Project("{FAE04EC0-301F-11D3-BF4B-00C04F79EFBC}") = "SamoBot.Tests", "tests\SamoBot.Tests\SamoBot.Tests.csproj", "{CF4C2AD6-5D15-4E53-AFC1-F9A9B22D4B7C}"
EndProject
Project("{FAE04EC0-301F-11D3-BF4B-00C04F79EFBC}") = "SamoBot.Infrastructure", "src\SamoBot.Infrastructure\SamoBot.Infrastructure.csproj", "{FBA5E5F8-13B3-4DC7-9E77-EA326093A105}"
EndProject
Project("{FAE04EC0-301F-11D3-BF4B-00C04F79EFBC}") = "SamoBot.Migrations", "src\SamoBot.Migrations\SamoBot.Migrations.csproj", "{7B0CCCF3-C94E-4572-925D-58DC79721CBC}"
EndProject
Project("{FAE04EC0-301F-11D3-BF4B-00C04F79EFBC}") = "SamoBot.Scheduler", "src\SamoBot.Scheduler\SamoBot.Scheduler.csproj", "{97CDED87-4A0A-46F8-82C2-EA43502F5E20}"
EndProject
Project("{FAE04EC0-301F-11D3-BF4B-00C04F79EFBC}") = "SamoBot.Seeder", "src\SamoBot.Seeder\SamoBot.Seeder.csproj", "{CC2E7015-F5AB-4F55-AD29-F69E63CAB995}"
EndProject
Project("{FAE04EC0-301F-11D3-BF4B-00C04F79EFBC}") = "Samobot.Crawler", "src\Samobot.Crawler\Samobot.Crawler.csproj", "{FC484A1A-357A-4507-83DA-2869894FB736}"
EndProject
Project("{FAE04EC0-301F-11D3-BF4B-00C04F79EFBC}") = "SamoBot.Settings", "src\SamoBot.Settings\SamoBot.Settings.csproj", "{847A7F70-3231-4576-8818-E3595840CE08}"
EndProject
Project("{FAE04EC0-301F-11D3-BF4B-00C04F79EFBC}") = "SamoBot.Parser", "src\SamoBot.Parser\SamoBot.Parser.csproj", "{BDD997E5-5E31-431A-BFFD-AFF2AF64BC4E}"
EndProject
Global
	GlobalSection(SolutionConfigurationPlatforms) = preSolution
		Debug|Any CPU = Debug|Any CPU
		Debug|x64 = Debug|x64
		Debug|x86 = Debug|x86
		Release|Any CPU = Release|Any CPU
		Release|x64 = Release|x64
		Release|x86 = Release|x86
	EndGlobalSection
	GlobalSection(ProjectConfigurationPlatforms) = postSolution
		{71E30817-3F6B-4411-B38C-BA27DCD0E13C}.Debug|Any CPU.ActiveCfg = Debug|Any CPU
		{71E30817-3F6B-4411-B38C-BA27DCD0E13C}.Debug|Any CPU.Build.0 = Debug|Any CPU
		{71E30817-3F6B-4411-B38C-BA27DCD0E13C}.Debug|x64.ActiveCfg = Debug|Any CPU
		{71E30817-3F6B-4411-B38C-BA27DCD0E13C}.Debug|x64.Build.0 = Debug|Any CPU
		{71E30817-3F6B-4411-B38C-BA27DCD0E13C}.Debug|x86.ActiveCfg = Debug|Any CPU
		{71E30817-3F6B-4411-B38C-BA27DCD0E13C}.Debug|x86.Build.0 = Debug|Any CPU
		{71E30817-3F6B-4411-B38C-BA27DCD0E13C}.Release|Any CPU.ActiveCfg = Release|Any CPU
		{71E30817-3F6B-4411-B38C-BA27DCD0E13C}.Release|Any CPU.Build.0 = Release|Any CPU
		{71E30817-3F6B-4411-B38C-BA27DCD0E13C}.Release|x64.ActiveCfg = Release|Any CPU
		{71E30817-3F6B-4411-B38C-BA27DCD0E13C}.Release|x64.Build.0 = Release|Any CPU
		{71E30817-3F6B-4411-B38C-BA27DCD0E13C}.Release|x86.ActiveCfg = Release|Any CPU
		{71E30817-3F6B-4411-B38C-BA27DCD0E13C}.Release|x86.Build.0 = Release|Any CPU
		{CF4C2AD6-5D15-4E53-AFC1-F9A9B22D4B7C}.Debug|Any CPU.ActiveCfg = Debug|Any CPU
		{CF4C2AD6-5D15-4E53-AFC1-F9A9B22D4B7C}.Debug|Any CPU.Build.0 = Debug|Any CPU
		{CF4C2AD6-5D15-4E53-AFC1-F9A9B22D4B7C}.Debug|x64.ActiveCfg = Debug|Any CPU
		{CF4C2AD6-5D15-4E53-AFC1-F9A9B22D4B7C}.Debug|x64.Build.0 = Debug|Any CPU
		{CF4C2AD6-5D15-4E53-AFC1-F9A9B22D4B7C}.Debug|x86.ActiveCfg = Debug|Any CPU
		{CF4C2AD6-5D15-4E53-AFC1-F9A9B22D4B7C}.Debug|x86.Build.0 = Debug|Any CPU
		{CF4C2AD6-5D15-4E53-AFC1-F9A9B22D4B7C}.Release|Any CPU.ActiveCfg = Release|Any CPU
		{CF4C2AD6-5D15-4E53-AFC1-F9A9B22D4B7C}.Release|Any CPU.Build.0 = Release|Any CPU
		{CF4C2AD6-5D15-4E53-AFC1-F9A9B22D4B7C}.Release|x64.ActiveCfg = Release|Any CPU
		{CF4C2AD6-5D15-4E53-AFC1-F9A9B22D4B7C}.Release|x64.Build.0 = Release|Any CPU
		{CF4C2AD6-5D15-4E53-AFC1-F9A9B22D4B7C}.Release|x86.ActiveCfg = Release|Any CPU
		{CF4C2AD6-5D15-4E53-AFC1-F9A9B22D4B7C}.Release|x86.Build.0 = Release|Any CPU
		{FBA5E5F8-13B3-4DC7-9E77-EA326093A105}.Debug|Any CPU.ActiveCfg = Debug|Any CPU
		{FBA5E5F8-13B3-4DC7-9E77-EA326093A105}.Debug|Any CPU.Build.0 = Debug|Any CPU
		{FBA5E5F8-13B3-4DC7-9E77-EA326093A105}.Debug|x64.ActiveCfg = Debug|Any CPU
		{FBA5E5F8-13B3-4DC7-9E77-EA326093A105}.Debug|x64.Build.0 = Debug|Any CPU
		{FBA5E5F8-13B3-4DC7-9E77-EA326093A105}.Debug|x86.ActiveCfg = Debug|Any CPU
		{FBA5E5F8-13B3-4DC7-9E77-EA326093A105}.Debug|x86.Build.0 = Debug|Any CPU
		{FBA5E5F8-13B3-4DC7-9E77-EA326093A105}.Release|Any CPU.ActiveCfg = Release|Any CPU
		{FBA5E5F8-13B3-4DC7-9E77-EA326093A105}.Release|Any CPU.Build.0 = Release|Any CPU
		{FBA5E5F8-13B3-4DC7-9E77-EA326093A105}.Release|x64.ActiveCfg = Release|Any CPU
		{FBA5E5F8-13B3-4DC7-9E77-EA326093A105}.Release|x64.Build.0 = Release|Any CPU
		{FBA5E5F8-13B3-4DC7-9E77-EA326093A105}.Release|x86.ActiveCfg = Release|Any CPU
		{FBA5E5F8-13B3-4DC7-9E77-EA326093A105}.Release|x86.Build.0 = Release|Any CPU
		{7B0CCCF3-C94E-4572-925D-58DC79721CBC}.Debug|Any CPU.ActiveCfg = Debug|Any CPU
		{7B0CCCF3-C94E-4572-925D-58DC79721CBC}.Debug|Any CPU.Build.0 = Debug|Any CPU
		{7B0CCCF3-C94E-4572-925D-58DC79721CBC}.Debug|x64.ActiveCfg = Debug|Any CPU
		{7B0CCCF3-C94E-4572-925D-58DC79721CBC}.Debug|x64.Build.0 = Debug|Any CPU
		{7B0CCCF3-C94E-4572-925D-58DC79721CBC}.Debug|x86.ActiveCfg = Debug|Any CPU
		{7B0CCCF3-C94E-4572-925D-58DC79721CBC}.Debug|x86.Build.0 = Debug|Any CPU
		{7B0CCCF3-C94E-4572-925D-58DC79721CBC}.Release|Any CPU.ActiveCfg = Release|Any CPU
		{7B0CCCF3-C94E-4572-925D-58DC79721CBC}.Release|Any CPU.Build.0 = Release|Any CPU
		{7B0CCCF3-C94E-4572-925D-58DC79721CBC}.Release|x64.ActiveCfg = Release|Any CPU
		{7B0CCCF3-C94E-4572-925D-58DC79721CBC}.Release|x64.Build.0 = Release|Any CPU
		{7B0CCCF3-C94E-4572-925D-58DC79721CBC}.Release|x86.ActiveCfg = Release|Any CPU
		{7B0CCCF3-C94E-4572-925D-58DC79721CBC}.Release|x86.Build.0 = Release|Any CPU
		{97CDED87-4A0A-46F8-82C2-EA43502F5E20}.Debug|Any CPU.ActiveCfg = Debug|Any CPU
		{97CDED87-4A0A-46F8-82C2-EA43502F5E20}.Debug|Any CPU.Build.0 = Debug|Any CPU
		{97CDED87-4A0A-46F8-82C2-EA43502F5E20}.Debug|x64.ActiveCfg = Debug|Any CPU
		{97CDED87-4A0A-46F8-82C2-EA43502F5E20}.Debug|x64.Build.0 = Debug|Any CPU
		{97CDED87-4A0A-46F8-82C2-EA43502F5E20}.Debug|x86.ActiveCfg = Debug|Any CPU
		{97CDED87-4A0A-46F8-82C2-EA43502F5E20}.Debug|x86.Build.0 = Debug|Any CPU
		{97CDED87-4A0A-46F8-82C2-EA43502F5E20}.Release|Any CPU.ActiveCfg = Release|Any CPU
		{97CDED87-4A0A-46F8-82C2-EA43502F5E20}.Release|Any CPU.Build.0 = Release|Any CPU
		{97CDED87-4A0A-46F8-82C2-EA43502F5E20}.Release|x64.ActiveCfg = Release|Any CPU
		{97CDED87-4A0A-46F8-82C2-EA43502F5E20}.Release|x64.Build.0 = Release|Any CPU
		{97CDED87-4A0A-46F8-82C2-EA43502F5E20}.Release|x86.ActiveCfg = Release|Any CPU
		{97CDED87-4A0A-46F8-82C2-EA43502F5E20}.Release|x86.Build.0 = Release|Any CPU
		{CC2E7015-F5AB-4F55-AD29-F69E63CAB995}.Debug|Any CPU.ActiveCfg = Debug|Any CPU
		{CC2E7015-F5AB-4F55-AD29-F69E63CAB995}.Debug|Any CPU.Build.0 = Debug|Any CPU
		{CC2E7015-F5AB-4F55-AD29-F69E63CAB995}.Debug|x64.ActiveCfg = Debug|Any CPU
		{CC2E7015-F5AB-4F55-AD29-F69E63CAB995}.Debug|x64.Build.0 = Debug|Any CPU
		{CC2E7015-F5AB-4F55-AD29-F69E63CAB995}.Debug|x86.ActiveCfg = Debug|Any CPU
		{CC2E7015-F5AB-4F55-AD29-F69E63CAB995}.Debug|x86.Build.0 = Debug|Any CPU
		{CC2E7015-F5AB-4F55-AD29-F69E63CAB995}.Release|Any CPU.ActiveCfg = Release|Any CPU
		{CC2E7015-F5AB-4F55-AD29-F69E63CAB995}.Release|Any CPU.Build.0 = Release|Any CPU
		{CC2E7015-F5AB-4F55-AD29-F69E63CAB995}.Release|x64.ActiveCfg = Release|Any CPU
		{CC2E7015-F5AB-4F55-AD29-F69E63CAB995}.Release|x64.Build.0 = Release|Any CPU
		{CC2E7015-F5AB-4F55-AD29-F69E63CAB995}.Release|x86.ActiveCfg = Release|Any CPU
		{CC2E7015-F5AB-4F55-AD29-F69E63CAB995}.Release|x86.Build.0 = Release|Any CPU
		{FC484A1A-357A-4507-83DA-2869894FB736}.Debug|Any CPU.ActiveCfg = Debug|Any CPU
		{FC484A1A-357A-4507-83DA-2869894FB736}.Debug|Any CPU.Build.0 = Debug|Any CPU
		{FC484A1A-357A-4507-83DA-2869894FB736}.Debug|x64.ActiveCfg = Debug|Any CPU
		{FC484A1A-357A-4507-83DA-2869894FB736}.Debug|x64.Build.0 = Debug|Any CPU
		{FC484A1A-357A-4507-83DA-2869894FB736}.Debug|x86.ActiveCfg = Debug|Any CPU
		{FC484A1A-357A-4507-83DA-2869894FB736}.Debug|x86.Build.0 = Debug|Any CPU
		{FC484A1A-357A-4507-83DA-2869894FB736}.Release|Any CPU.ActiveCfg = Release|Any CPU
		{FC484A1A-357A-4507-83DA-2869894FB736}.Release|Any CPU.Build.0 = Release|Any CPU
		{FC484A1A-357A-4507-83DA-2869894FB736}.Release|x64.ActiveCfg = Release|Any CPU
		{FC484A1A-357A-4507-83DA-2869894FB736}.Release|x64.Build.0 = Release|Any CPU
		{FC484A1A-357A-4507-83DA-2869894FB736}.Release|x86.ActiveCfg = Release|Any CPU
		{FC484A1A-357A-4507-83DA-2869894FB736}.Release|x86.Build.0 = Release|Any CPU
		{847A7F70-3231-4576-8818-E3595840CE08}.Debug|Any CPU.ActiveCfg = Debug|Any CPU
		{847A7F70-3231-4576-8818-E3595840CE08}.Debug|Any CPU.Build.0 = Debug|Any CPU
		{847A7F70-3231-4576-8818-E3595840CE08}.Debug|x64.ActiveCfg = Debug|Any CPU
		{847A7F70-3231-4576-8818-E3595840CE08}.Debug|x64.Build.0 = Debug|Any CPU
		{847A7F70-3231-4576-8818-E3595840CE08}.Debug|x86.ActiveCfg = Debug|Any CPU
		{847A7F70-3231-4576-8818-E3595840CE08}.Debug|x86.Build.0 = Debug|Any CPU
		{847A7F70-3231-4576-8818-E3595840CE08}.Release|Any CPU.ActiveCfg = Release|Any CPU
		{847A7F70-3231-4576-8818-E3595840CE08}.Release|Any CPU.Build.0 = Release|Any CPU
		{847A7F70-3231-4576-8818-E3595840CE08}.Release|x64.ActiveCfg = Release|Any CPU
		{847A7F70-3231-4576-8818-E3595840CE08}.Release|x64.Build.0 = Release|Any CPU
		{847A7F70-3231-4576-8818-E3595840CE08}.Release|x86.ActiveCfg = Release|Any CPU
		{847A7F70-3231-4576-8818-E3595840CE08}.Release|x86.Build.0 = Release|Any CPU
		{BDD997E5-5E31-431A-BFFD-AFF2AF64BC4E}.Debug|Any CPU.ActiveCfg = Debug|Any CPU
		{BDD997E5-5E31-431A-BFFD-AFF2AF64BC4E}.Debug|Any CPU.Build.0 = Debug|Any CPU
		{BDD997E5-5E31-431A-BFFD-AFF2AF64BC4E}.Debug|x64.ActiveCfg = Debug|Any CPU
		{BDD997E5-5E31-431A-BFFD-AFF2AF64BC4E}.Debug|x64.Build.0 = Debug|Any CPU
		{BDD997E5-5E31-431A-BFFD-AFF2AF64BC4E}.Debug|x86.ActiveCfg = Debug|Any CPU
		{BDD997E5-5E31-431A-BFFD-AFF2AF64BC4E}.Debug|x86.Build.0 = Debug|Any CPU
		{BDD997E5-5E31-431A-BFFD-AFF2AF64BC4E}.Release|Any CPU.ActiveCfg = Release|Any CPU
		{BDD997E5-5E31-431A-BFFD-AFF2AF64BC4E}.Release|Any CPU.Build.0 = Release|Any CPU
		{BDD997E5-5E31-431A-BFFD-AFF2AF64BC4E}.Release|x64.ActiveCfg = Release|Any CPU
		{BDD997E5-5E31-431A-BFFD-AFF2AF64BC4E}.Release|x64.Build.0 = Release|Any CPU
		{BDD997E5-5E31-431A-BFFD-AFF2AF64BC4E}.Release|x86.ActiveCfg = Release|Any CPU
		{BDD997E5-5E31-431A-BFFD-AFF2AF64BC4E}.Release|x86.Build.0 = Release|Any CPU
	EndGlobalSection
	GlobalSection(SolutionProperties) = preSolution
		HideSolutionNode = FALSE
	EndGlobalSection
EndGlobal
