
Microsoft Visual Studio Solution File, Format Version 12.00
Project("{2150E333-8FDC-42A3-9474-1A3956D46DE8}") = "Solution Items", "Solution Items", "{5FE6666E-5EBF-4F1E-AB9D-D963B3358015}"
	ProjectSection(SolutionItems) = preProject
		compose.yaml = compose.yaml
	EndProjectSection
EndProject
Project("{2150E333-8FDC-42A3-9474-1A3956D46DE8}") = "src", "src", "{827E0CD3-B72D-47B6-A68D-7590B98EB39B}"
EndProject
Project("{FAE04EC0-301F-11D3-BF4B-00C04F79EFBC}") = "SamoBot", "src\SamoBot\SamoBot.csproj", "{71E30817-3F6B-4411-B38C-BA27DCD0E13C}"
EndProject
Project("{2150E333-8FDC-42A3-9474-1A3956D46DE8}") = "tests", "tests", "{0AB3BF05-4346-4AA6-1389-037BE0695223}"
EndProject
Project("{FAE04EC0-301F-11D3-BF4B-00C04F79EFBC}") = "SamoBot.Tests", "tests\SamoBot.Tests\SamoBot.Tests.csproj", "{CF4C2AD6-5D15-4E53-AFC1-F9A9B22D4B7C}"
EndProject
Project("{FAE04EC0-301F-11D3-BF4B-00C04F79EFBC}") = "SamoBot.Infrastructure", "src\SamoBot.Infrastructure\SamoBot.Infrastructure.csproj", "{FBA5E5F8-13B3-4DC7-9E77-EA326093A105}"
EndProject
Project("{FAE04EC0-301F-11D3-BF4B-00C04F79EFBC}") = "SamoBot.Migrations", "src\SamoBot.Migrations\SamoBot.Migrations.csproj", "{7B0CCCF3-C94E-4572-925D-58DC79721CBC}"
EndProject
Project("{FAE04EC0-301F-11D3-BF4B-00C04F79EFBC}") = "SamoBot.Seeder", "src\SamoBot.Seeder\SamoBot.Seeder.csproj", "{E2287863-3218-4792-A976-331CA5048D2D}"
EndProject
Global
	GlobalSection(SolutionConfigurationPlatforms) = preSolution
		Debug|Any CPU = Debug|Any CPU
		Debug|x64 = Debug|x64
		Debug|x86 = Debug|x86
		Release|Any CPU = Release|Any CPU
		Release|x64 = Release|x64
		Release|x86 = Release|x86
	EndGlobalSection
	GlobalSection(ProjectConfigurationPlatforms) = postSolution
		{71E30817-3F6B-4411-B38C-BA27DCD0E13C}.Debug|Any CPU.ActiveCfg = Debug|Any CPU
		{71E30817-3F6B-4411-B38C-BA27DCD0E13C}.Debug|Any CPU.Build.0 = Debug|Any CPU
		{71E30817-3F6B-4411-B38C-BA27DCD0E13C}.Debug|x64.ActiveCfg = Debug|Any CPU
		{71E30817-3F6B-4411-B38C-BA27DCD0E13C}.Debug|x64.Build.0 = Debug|Any CPU
		{71E30817-3F6B-4411-B38C-BA27DCD0E13C}.Debug|x86.ActiveCfg = Debug|Any CPU
		{71E30817-3F6B-4411-B38C-BA27DCD0E13C}.Debug|x86.Build.0 = Debug|Any CPU
		{71E30817-3F6B-4411-B38C-BA27DCD0E13C}.Release|Any CPU.ActiveCfg = Release|Any CPU
		{71E30817-3F6B-4411-B38C-BA27DCD0E13C}.Release|Any CPU.Build.0 = Release|Any CPU
		{71E30817-3F6B-4411-B38C-BA27DCD0E13C}.Release|x64.ActiveCfg = Release|Any CPU
		{71E30817-3F6B-4411-B38C-BA27DCD0E13C}.Release|x64.Build.0 = Release|Any CPU
		{71E30817-3F6B-4411-B38C-BA27DCD0E13C}.Release|x86.ActiveCfg = Release|Any CPU
		{71E30817-3F6B-4411-B38C-BA27DCD0E13C}.Release|x86.Build.0 = Release|Any CPU
		{CF4C2AD6-5D15-4E53-AFC1-F9A9B22D4B7C}.Debug|Any CPU.ActiveCfg = Debug|Any CPU
		{CF4C2AD6-5D15-4E53-AFC1-F9A9B22D4B7C}.Debug|Any CPU.Build.0 = Debug|Any CPU
		{CF4C2AD6-5D15-4E53-AFC1-F9A9B22D4B7C}.Debug|x64.ActiveCfg = Debug|Any CPU
		{CF4C2AD6-5D15-4E53-AFC1-F9A9B22D4B7C}.Debug|x64.Build.0 = Debug|Any CPU
		{CF4C2AD6-5D15-4E53-AFC1-F9A9B22D4B7C}.Debug|x86.ActiveCfg = Debug|Any CPU
		{CF4C2AD6-5D15-4E53-AFC1-F9A9B22D4B7C}.Debug|x86.Build.0 = Debug|Any CPU
		{CF4C2AD6-5D15-4E53-AFC1-F9A9B22D4B7C}.Release|Any CPU.ActiveCfg = Release|Any CPU
		{CF4C2AD6-5D15-4E53-AFC1-F9A9B22D4B7C}.Release|Any CPU.Build.0 = Release|Any CPU
		{CF4C2AD6-5D15-4E53-AFC1-F9A9B22D4B7C}.Release|x64.ActiveCfg = Release|Any CPU
		{CF4C2AD6-5D15-4E53-AFC1-F9A9B22D4B7C}.Release|x64.Build.0 = Release|Any CPU
		{CF4C2AD6-5D15-4E53-AFC1-F9A9B22D4B7C}.Release|x86.ActiveCfg = Release|Any CPU
		{CF4C2AD6-5D15-4E53-AFC1-F9A9B22D4B7C}.Release|x86.Build.0 = Release|Any CPU
		{FBA5E5F8-13B3-4DC7-9E77-EA326093A105}.Debug|Any CPU.ActiveCfg = Debug|Any CPU
		{FBA5E5F8-13B3-4DC7-9E77-EA326093A105}.Debug|Any CPU.Build.0 = Debug|Any CPU
		{FBA5E5F8-13B3-4DC7-9E77-EA326093A105}.Debug|x64.ActiveCfg = Debug|Any CPU
		{FBA5E5F8-13B3-4DC7-9E77-EA326093A105}.Debug|x64.Build.0 = Debug|Any CPU
		{FBA5E5F8-13B3-4DC7-9E77-EA326093A105}.Debug|x86.ActiveCfg = Debug|Any CPU
		{FBA5E5F8-13B3-4DC7-9E77-EA326093A105}.Debug|x86.Build.0 = Debug|Any CPU
		{FBA5E5F8-13B3-4DC7-9E77-EA326093A105}.Release|Any CPU.ActiveCfg = Release|Any CPU
		{FBA5E5F8-13B3-4DC7-9E77-EA326093A105}.Release|Any CPU.Build.0 = Release|Any CPU
		{FBA5E5F8-13B3-4DC7-9E77-EA326093A105}.Release|x64.ActiveCfg = Release|Any CPU
		{FBA5E5F8-13B3-4DC7-9E77-EA326093A105}.Release|x64.Build.0 = Release|Any CPU
		{FBA5E5F8-13B3-4DC7-9E77-EA326093A105}.Release|x86.ActiveCfg = Release|Any CPU
		{FBA5E5F8-13B3-4DC7-9E77-EA326093A105}.Release|x86.Build.0 = Release|Any CPU
		{7B0CCCF3-C94E-4572-925D-58DC79721CBC}.Debug|Any CPU.ActiveCfg = Debug|Any CPU
		{7B0CCCF3-C94E-4572-925D-58DC79721CBC}.Debug|Any CPU.Build.0 = Debug|Any CPU
		{7B0CCCF3-C94E-4572-925D-58DC79721CBC}.Debug|x64.ActiveCfg = Debug|Any CPU
		{7B0CCCF3-C94E-4572-925D-58DC79721CBC}.Debug|x64.Build.0 = Debug|Any CPU
		{7B0CCCF3-C94E-4572-925D-58DC79721CBC}.Debug|x86.ActiveCfg = Debug|Any CPU
		{7B0CCCF3-C94E-4572-925D-58DC79721CBC}.Debug|x86.Build.0 = Debug|Any CPU
		{7B0CCCF3-C94E-4572-925D-58DC79721CBC}.Release|Any CPU.ActiveCfg = Release|Any CPU
		{7B0CCCF3-C94E-4572-925D-58DC79721CBC}.Release|Any CPU.Build.0 = Release|Any CPU
		{7B0CCCF3-C94E-4572-925D-58DC79721CBC}.Release|x64.ActiveCfg = Release|Any CPU
		{7B0CCCF3-C94E-4572-925D-58DC79721CBC}.Release|x64.Build.0 = Release|Any CPU
		{7B0CCCF3-C94E-4572-925D-58DC79721CBC}.Release|x86.ActiveCfg = Release|Any CPU
		{7B0CCCF3-C94E-4572-925D-58DC79721CBC}.Release|x86.Build.0 = Release|Any CPU
		{E2287863-3218-4792-A976-331CA5048D2D}.Debug|Any CPU.ActiveCfg = Debug|Any CPU
		{E2287863-3218-4792-A976-331CA5048D2D}.Debug|Any CPU.Build.0 = Debug|Any CPU
		{E2287863-3218-4792-A976-331CA5048D2D}.Debug|x64.ActiveCfg = Debug|Any CPU
		{E2287863-3218-4792-A976-331CA5048D2D}.Debug|x64.Build.0 = Debug|Any CPU
		{E2287863-3218-4792-A976-331CA5048D2D}.Debug|x86.ActiveCfg = Debug|Any CPU
		{E2287863-3218-4792-A976-331CA5048D2D}.Debug|x86.Build.0 = Debug|Any CPU
		{E2287863-3218-4792-A976-331CA5048D2D}.Release|Any CPU.ActiveCfg = Release|Any CPU
		{E2287863-3218-4792-A976-331CA5048D2D}.Release|Any CPU.Build.0 = Release|Any CPU
		{E2287863-3218-4792-A976-331CA5048D2D}.Release|x64.ActiveCfg = Release|Any CPU
		{E2287863-3218-4792-A976-331CA5048D2D}.Release|x64.Build.0 = Release|Any CPU
		{E2287863-3218-4792-A976-331CA5048D2D}.Release|x86.ActiveCfg = Release|Any CPU
		{E2287863-3218-4792-A976-331CA5048D2D}.Release|x86.Build.0 = Release|Any CPU
	EndGlobalSection
	GlobalSection(SolutionProperties) = preSolution
		HideSolutionNode = FALSE
	EndGlobalSection
	GlobalSection(NestedProjects) = preSolution
		{71E30817-3F6B-4411-B38C-BA27DCD0E13C} = {827E0CD3-B72D-47B6-A68D-7590B98EB39B}
		{CF4C2AD6-5D15-4E53-AFC1-F9A9B22D4B7C} = {0AB3BF05-4346-4AA6-1389-037BE0695223}
		{FBA5E5F8-13B3-4DC7-9E77-EA326093A105} = {827E0CD3-B72D-47B6-A68D-7590B98EB39B}
		{7B0CCCF3-C94E-4572-925D-58DC79721CBC} = {827E0CD3-B72D-47B6-A68D-7590B98EB39B}
		{E2287863-3218-4792-A976-331CA5048D2D} = {827E0CD3-B72D-47B6-A68D-7590B98EB39B}
	EndGlobalSection
EndGlobal
